
Microsoft Visual Studio Solution File, Format Version 12.00
# Visual Studio 15
VisualStudioVersion = 15.0.28010.2046
MinimumVisualStudioVersion = 10.0.40219.1
Project("{FAE04EC0-301F-11D3-BF4B-00C04F79EFBC}") = "ConsoleApp1", "ConsoleApp1\ConsoleApp1.csproj", "{51E7D045-F862-4ED7-93D8-15C7E28A3393}"
EndProject
Project("{FAE04EC0-301F-11D3-BF4B-00C04F79EFBC}") = "ClassLibrary1", "ClassLibrary1\ClassLibrary1.csproj", "{D63D52D9-1D4E-49EF-893E-24E90F2566B8}"
EndProject
Project("{FAE04EC0-301F-11D3-BF4B-00C04F79EFBC}") = "ClassLibrary2", "ClassLibrary2\ClassLibrary2.csproj", "{85678EF4-D059-4FDC-8A13-2790CBEA427A}"
EndProject
Global
	GlobalSection(SolutionConfigurationPlatforms) = preSolution
		Debug|Any CPU = Debug|Any CPU
		Release|Any CPU = Release|Any CPU
	EndGlobalSection
	GlobalSection(ProjectConfigurationPlatforms) = postSolution
		{51E7D045-F862-4ED7-93D8-15C7E28A3393}.Debug|Any CPU.ActiveCfg = Debug|Any CPU
		{51E7D045-F862-4ED7-93D8-15C7E28A3393}.Debug|Any CPU.Build.0 = Debug|Any CPU
		{51E7D045-F862-4ED7-93D8-15C7E28A3393}.Release|Any CPU.ActiveCfg = Release|Any CPU
		{51E7D045-F862-4ED7-93D8-15C7E28A3393}.Release|Any CPU.Build.0 = Release|Any CPU
		{D63D52D9-1D4E-49EF-893E-24E90F2566B8}.Debug|Any CPU.ActiveCfg = Debug|Any CPU
		{D63D52D9-1D4E-49EF-893E-24E90F2566B8}.Debug|Any CPU.Build.0 = Debug|Any CPU
		{D63D52D9-1D4E-49EF-893E-24E90F2566B8}.Release|Any CPU.ActiveCfg = Release|Any CPU
		{D63D52D9-1D4E-49EF-893E-24E90F2566B8}.Release|Any CPU.Build.0 = Release|Any CPU
		{85678EF4-D059-4FDC-8A13-2790CBEA427A}.Debug|Any CPU.ActiveCfg = Debug|Any CPU
		{85678EF4-D059-4FDC-8A13-2790CBEA427A}.Debug|Any CPU.Build.0 = Debug|Any CPU
		{85678EF4-D059-4FDC-8A13-2790CBEA427A}.Release|Any CPU.ActiveCfg = Release|Any CPU
		{85678EF4-D059-4FDC-8A13-2790CBEA427A}.Release|Any CPU.Build.0 = Release|Any CPU
	EndGlobalSection
	GlobalSection(SolutionProperties) = preSolution
		HideSolutionNode = FALSE
	EndGlobalSection
	GlobalSection(ExtensibilityGlobals) = postSolution
		SolutionGuid = {4432CBAF-3E4D-48AF-99A3-AD041953CA1A}
	EndGlobalSection
EndGlobal
